
Microsoft Visual Studio Solution File, Format Version 12.00
# Visual Studio Version 16
VisualStudioVersion = 25.0.1700.0
MinimumVisualStudioVersion = 10.0.40219.1
Project("{FAE04EC0-301F-11D3-BF4B-00C04F79EFBC}") = "SuperMendelianSandbox", "SuperMendelianSandbox.csproj", "{715C96E1-AF98-4952-A15B-5C138F12E73E}"
EndProject
Global
	GlobalSection(SolutionConfigurationPlatforms) = preSolution
		Debug|Any CPU = Debug|Any CPU
		Release|Any CPU = Release|Any CPU
	EndGlobalSection
	GlobalSection(ProjectConfigurationPlatforms) = postSolution
		{715C96E1-AF98-4952-A15B-5C138F12E73E}.Debug|Any CPU.ActiveCfg = Debug|Any CPU
		{715C96E1-AF98-4952-A15B-5C138F12E73E}.Debug|Any CPU.Build.0 = Debug|Any CPU
		{715C96E1-AF98-4952-A15B-5C138F12E73E}.Release|Any CPU.ActiveCfg = Release|Any CPU
		{715C96E1-AF98-4952-A15B-5C138F12E73E}.Release|Any CPU.Build.0 = Release|Any CPU
	EndGlobalSection
	GlobalSection(SolutionProperties) = preSolution
		HideSolutionNode = FALSE
	EndGlobalSection
	GlobalSection(ExtensibilityGlobals) = postSolution
		SolutionGuid = {1EBC1D59-857C-4B77-B85D-BC3DD4DF4399}
	EndGlobalSection
EndGlobal
